// !$*UTF8*$!
{
	archiveVersion = 1;
	classes = {
	};
	objectVersion = 56;
	objects = {

/* Begin PBXBuildFile section */
		365189D3298DDDDF00AE18F8 /* Hola_MundoApp.swift in Sources */ = {isa = PBXBuildFile; fileRef = 365189D2298DDDDF00AE18F8 /* Hola_MundoApp.swift */; };
		365189D5298DDDDF00AE18F8 /* ContentView.swift in Sources */ = {isa = PBXBuildFile; fileRef = 365189D4298DDDDF00AE18F8 /* ContentView.swift */; };
		365189D7298DDDE300AE18F8 /* Assets.xcassets in Resources */ = {isa = PBXBuildFile; fileRef = 365189D6298DDDE300AE18F8 /* Assets.xcassets */; };
		365189DB298DDDE300AE18F8 /* Preview Assets.xcassets in Resources */ = {isa = PBXBuildFile; fileRef = 365189DA298DDDE300AE18F8 /* Preview Assets.xcassets */; };
		365189E5298DDDE400AE18F8 /* Hola_MundoTests.swift in Sources */ = {isa = PBXBuildFile; fileRef = 365189E4298DDDE400AE18F8 /* Hola_MundoTests.swift */; };
		365189EF298DDDE400AE18F8 /* Hola_MundoUITests.swift in Sources */ = {isa = PBXBuildFile; fileRef = 365189EE298DDDE400AE18F8 /* Hola_MundoUITests.swift */; };
		365189F1298DDDE400AE18F8 /* Hola_MundoUITestsLaunchTests.swift in Sources */ = {isa = PBXBuildFile; fileRef = 365189F0298DDDE400AE18F8 /* Hola_MundoUITestsLaunchTests.swift */; };
/* End PBXBuildFile section */

/* Begin PBXContainerItemProxy section */
		365189E1298DDDE400AE18F8 /* PBXContainerItemProxy */ = {
			isa = PBXContainerItemProxy;
			containerPortal = 365189C7298DDDDF00AE18F8 /* Project object */;
			proxyType = 1;
			remoteGlobalIDString = 365189CE298DDDDF00AE18F8;
			remoteInfo = "Hola Mundo";
		};
		365189EB298DDDE400AE18F8 /* PBXContainerItemProxy */ = {
			isa = PBXContainerItemProxy;
			containerPortal = 365189C7298DDDDF00AE18F8 /* Project object */;
			proxyType = 1;
			remoteGlobalIDString = 365189CE298DDDDF00AE18F8;
			remoteInfo = "Hola Mundo";
		};
/* End PBXContainerItemProxy section */

/* Begin PBXFileReference section */
		365189CF298DDDDF00AE18F8 /* Hola Mundo.app */ = {isa = PBXFileReference; explicitFileType = wrapper.application; includeInIndex = 0; path = "Hola Mundo.app"; sourceTree = BUILT_PRODUCTS_DIR; };
		365189D2298DDDDF00AE18F8 /* Hola_MundoApp.swift */ = {isa = PBXFileReference; lastKnownFileType = sourcecode.swift; path = Hola_MundoApp.swift; sourceTree = "<group>"; };
		365189D4298DDDDF00AE18F8 /* ContentView.swift */ = {isa = PBXFileReference; lastKnownFileType = sourcecode.swift; path = ContentView.swift; sourceTree = "<group>"; };
		365189D6298DDDE300AE18F8 /* Assets.xcassets */ = {isa = PBXFileReference; lastKnownFileType = folder.assetcatalog; path = Assets.xcassets; sourceTree = "<group>"; };
		365189D8298DDDE300AE18F8 /* Hola_Mundo.entitlements */ = {isa = PBXFileReference; lastKnownFileType = text.plist.entitlements; path = Hola_Mundo.entitlements; sourceTree = "<group>"; };
		365189DA298DDDE300AE18F8 /* Preview Assets.xcassets */ = {isa = PBXFileReference; lastKnownFileType = folder.assetcatalog; path = "Preview Assets.xcassets"; sourceTree = "<group>"; };
		365189E0298DDDE400AE18F8 /* Hola MundoTests.xctest */ = {isa = PBXFileReference; explicitFileType = wrapper.cfbundle; includeInIndex = 0; path = "Hola MundoTests.xctest"; sourceTree = BUILT_PRODUCTS_DIR; };
		365189E4298DDDE400AE18F8 /* Hola_MundoTests.swift */ = {isa = PBXFileReference; lastKnownFileType = sourcecode.swift; path = Hola_MundoTests.swift; sourceTree = "<group>"; };
		365189EA298DDDE400AE18F8 /* Hola MundoUITests.xctest */ = {isa = PBXFileReference; explicitFileType = wrapper.cfbundle; includeInIndex = 0; path = "Hola MundoUITests.xctest"; sourceTree = BUILT_PRODUCTS_DIR; };
		365189EE298DDDE400AE18F8 /* Hola_MundoUITests.swift */ = {isa = PBXFileReference; lastKnownFileType = sourcecode.swift; path = Hola_MundoUITests.swift; sourceTree = "<group>"; };
		365189F0298DDDE400AE18F8 /* Hola_MundoUITestsLaunchTests.swift */ = {isa = PBXFileReference; lastKnownFileType = sourcecode.swift; path = Hola_MundoUITestsLaunchTests.swift; sourceTree = "<group>"; };
/* End PBXFileReference section */

/* Begin PBXFrameworksBuildPhase section */
		365189CC298DDDDF00AE18F8 /* Frameworks */ = {
			isa = PBXFrameworksBuildPhase;
			buildActionMask = 2147483647;
			files = (
			);
			runOnlyForDeploymentPostprocessing = 0;
		};
		365189DD298DDDE400AE18F8 /* Frameworks */ = {
			isa = PBXFrameworksBuildPhase;
			buildActionMask = 2147483647;
			files = (
			);
			runOnlyForDeploymentPostprocessing = 0;
		};
		365189E7298DDDE400AE18F8 /* Frameworks */ = {
			isa = PBXFrameworksBuildPhase;
			buildActionMask = 2147483647;
			files = (
			);
			runOnlyForDeploymentPostprocessing = 0;
		};
/* End PBXFrameworksBuildPhase section */

/* Begin PBXGroup section */
		365189C6298DDDDF00AE18F8 = {
			isa = PBXGroup;
			children = (
				365189D1298DDDDF00AE18F8 /* Hola Mundo */,
				365189E3298DDDE400AE18F8 /* Hola MundoTests */,
				365189ED298DDDE400AE18F8 /* Hola MundoUITests */,
				365189D0298DDDDF00AE18F8 /* Products */,
			);
			sourceTree = "<group>";
		};
		365189D0298DDDDF00AE18F8 /* Products */ = {
			isa = PBXGroup;
			children = (
				365189CF298DDDDF00AE18F8 /* Hola Mundo.app */,
				365189E0298DDDE400AE18F8 /* Hola MundoTests.xctest */,
				365189EA298DDDE400AE18F8 /* Hola MundoUITests.xctest */,
			);
			name = Products;
			sourceTree = "<group>";
		};
		365189D1298DDDDF00AE18F8 /* Hola Mundo */ = {
			isa = PBXGroup;
			children = (
				365189D2298DDDDF00AE18F8 /* Hola_MundoApp.swift */,
				365189D4298DDDDF00AE18F8 /* ContentView.swift */,
				365189D6298DDDE300AE18F8 /* Assets.xcassets */,
				365189D8298DDDE300AE18F8 /* Hola_Mundo.entitlements */,
				365189D9298DDDE300AE18F8 /* Preview Content */,
			);
			path = "Hola Mundo";
			sourceTree = "<group>";
		};
		365189D9298DDDE300AE18F8 /* Preview Content */ = {
			isa = PBXGroup;
			children = (
				365189DA298DDDE300AE18F8 /* Preview Assets.xcassets */,
			);
			path = "Preview Content";
			sourceTree = "<group>";
		};
		365189E3298DDDE400AE18F8 /* Hola MundoTests */ = {
			isa = PBXGroup;
			children = (
				365189E4298DDDE400AE18F8 /* Hola_MundoTests.swift */,
			);
			path = "Hola MundoTests";
			sourceTree = "<group>";
		};
		365189ED298DDDE400AE18F8 /* Hola MundoUITests */ = {
			isa = PBXGroup;
			children = (
				365189EE298DDDE400AE18F8 /* Hola_MundoUITests.swift */,
				365189F0298DDDE400AE18F8 /* Hola_MundoUITestsLaunchTests.swift */,
			);
			path = "Hola MundoUITests";
			sourceTree = "<group>";
		};
/* End PBXGroup section */

/* Begin PBXNativeTarget section */
		365189CE298DDDDF00AE18F8 /* Hola Mundo */ = {
			isa = PBXNativeTarget;
			buildConfigurationList = 365189F4298DDDE400AE18F8 /* Build configuration list for PBXNativeTarget "Hola Mundo" */;
			buildPhases = (
				365189CB298DDDDF00AE18F8 /* Sources */,
				365189CC298DDDDF00AE18F8 /* Frameworks */,
				365189CD298DDDDF00AE18F8 /* Resources */,
			);
			buildRules = (
			);
			dependencies = (
			);
			name = "Hola Mundo";
			productName = "Hola Mundo";
			productReference = 365189CF298DDDDF00AE18F8 /* Hola Mundo.app */;
			productType = "com.apple.product-type.application";
		};
		365189DF298DDDE400AE18F8 /* Hola MundoTests */ = {
			isa = PBXNativeTarget;
			buildConfigurationList = 365189F7298DDDE400AE18F8 /* Build configuration list for PBXNativeTarget "Hola MundoTests" */;
			buildPhases = (
				365189DC298DDDE400AE18F8 /* Sources */,
				365189DD298DDDE400AE18F8 /* Frameworks */,
				365189DE298DDDE400AE18F8 /* Resources */,
			);
			buildRules = (
			);
			dependencies = (
				365189E2298DDDE400AE18F8 /* PBXTargetDependency */,
			);
			name = "Hola MundoTests";
			productName = "Hola MundoTests";
			productReference = 365189E0298DDDE400AE18F8 /* Hola MundoTests.xctest */;
			productType = "com.apple.product-type.bundle.unit-test";
		};
		365189E9298DDDE400AE18F8 /* Hola MundoUITests */ = {
			isa = PBXNativeTarget;
			buildConfigurationList = 365189FA298DDDE400AE18F8 /* Build configuration list for PBXNativeTarget "Hola MundoUITests" */;
			buildPhases = (
				365189E6298DDDE400AE18F8 /* Sources */,
				365189E7298DDDE400AE18F8 /* Frameworks */,
				365189E8298DDDE400AE18F8 /* Resources */,
			);
			buildRules = (
			);
			dependencies = (
				365189EC298DDDE400AE18F8 /* PBXTargetDependency */,
			);
			name = "Hola MundoUITests";
			productName = "Hola MundoUITests";
			productReference = 365189EA298DDDE400AE18F8 /* Hola MundoUITests.xctest */;
			productType = "com.apple.product-type.bundle.ui-testing";
		};
/* End PBXNativeTarget section */

/* Begin PBXProject section */
		365189C7298DDDDF00AE18F8 /* Project object */ = {
			isa = PBXProject;
			attributes = {
				BuildIndependentTargetsInParallel = 1;
				LastSwiftUpdateCheck = 1420;
				LastUpgradeCheck = 1420;
				TargetAttributes = {
					365189CE298DDDDF00AE18F8 = {
						CreatedOnToolsVersion = 14.2;
					};
					365189DF298DDDE400AE18F8 = {
						CreatedOnToolsVersion = 14.2;
						TestTargetID = 365189CE298DDDDF00AE18F8;
					};
					365189E9298DDDE400AE18F8 = {
						CreatedOnToolsVersion = 14.2;
						TestTargetID = 365189CE298DDDDF00AE18F8;
					};
				};
			};
			buildConfigurationList = 365189CA298DDDDF00AE18F8 /* Build configuration list for PBXProject "Hola Mundo" */;
			compatibilityVersion = "Xcode 14.0";
			developmentRegion = en;
			hasScannedForEncodings = 0;
			knownRegions = (
				en,
				Base,
			);
			mainGroup = 365189C6298DDDDF00AE18F8;
			productRefGroup = 365189D0298DDDDF00AE18F8 /* Products */;
			projectDirPath = "";
			projectRoot = "";
			targets = (
				365189CE298DDDDF00AE18F8 /* Hola Mundo */,
				365189DF298DDDE400AE18F8 /* Hola MundoTests */,
				365189E9298DDDE400AE18F8 /* Hola MundoUITests */,
			);
		};
/* End PBXProject section */

/* Begin PBXResourcesBuildPhase section */
		365189CD298DDDDF00AE18F8 /* Resources */ = {
			isa = PBXResourcesBuildPhase;
			buildActionMask = 2147483647;
			files = (
				365189DB298DDDE300AE18F8 /* Preview Assets.xcassets in Resources */,
				365189D7298DDDE300AE18F8 /* Assets.xcassets in Resources */,
			);
			runOnlyForDeploymentPostprocessing = 0;
		};
		365189DE298DDDE400AE18F8 /* Resources */ = {
			isa = PBXResourcesBuildPhase;
			buildActionMask = 2147483647;
			files = (
			);
			runOnlyForDeploymentPostprocessing = 0;
		};
		365189E8298DDDE400AE18F8 /* Resources */ = {
			isa = PBXResourcesBuildPhase;
			buildActionMask = 2147483647;
			files = (
			);
			runOnlyForDeploymentPostprocessing = 0;
		};
/* End PBXResourcesBuildPhase section */

/* Begin PBXSourcesBuildPhase section */
		365189CB298DDDDF00AE18F8 /* Sources */ = {
			isa = PBXSourcesBuildPhase;
			buildActionMask = 2147483647;
			files = (
				365189D5298DDDDF00AE18F8 /* ContentView.swift in Sources */,
				365189D3298DDDDF00AE18F8 /* Hola_MundoApp.swift in Sources */,
			);
			runOnlyForDeploymentPostprocessing = 0;
		};
		365189DC298DDDE400AE18F8 /* Sources */ = {
			isa = PBXSourcesBuildPhase;
			buildActionMask = 2147483647;
			files = (
				365189E5298DDDE400AE18F8 /* Hola_MundoTests.swift in Sources */,
			);
			runOnlyForDeploymentPostprocessing = 0;
		};
		365189E6298DDDE400AE18F8 /* Sources */ = {
			isa = PBXSourcesBuildPhase;
			buildActionMask = 2147483647;
			files = (
				365189F1298DDDE400AE18F8 /* Hola_MundoUITestsLaunchTests.swift in Sources */,
				365189EF298DDDE400AE18F8 /* Hola_MundoUITests.swift in Sources */,
			);
			runOnlyForDeploymentPostprocessing = 0;
		};
/* End PBXSourcesBuildPhase section */

/* Begin PBXTargetDependency section */
		365189E2298DDDE400AE18F8 /* PBXTargetDependency */ = {
			isa = PBXTargetDependency;
			target = 365189CE298DDDDF00AE18F8 /* Hola Mundo */;
			targetProxy = 365189E1298DDDE400AE18F8 /* PBXContainerItemProxy */;
		};
		365189EC298DDDE400AE18F8 /* PBXTargetDependency */ = {
			isa = PBXTargetDependency;
			target = 365189CE298DDDDF00AE18F8 /* Hola Mundo */;
			targetProxy = 365189EB298DDDE400AE18F8 /* PBXContainerItemProxy */;
		};
/* End PBXTargetDependency section */

/* Begin XCBuildConfiguration section */
		365189F2298DDDE400AE18F8 /* Debug */ = {
			isa = XCBuildConfiguration;
			buildSettings = {
				ALWAYS_SEARCH_USER_PATHS = NO;
				CLANG_ANALYZER_NONNULL = YES;
				CLANG_ANALYZER_NUMBER_OBJECT_CONVERSION = YES_AGGRESSIVE;
				CLANG_CXX_LANGUAGE_STANDARD = "gnu++20";
				CLANG_ENABLE_MODULES = YES;
				CLANG_ENABLE_OBJC_ARC = YES;
				CLANG_ENABLE_OBJC_WEAK = YES;
				CLANG_WARN_BLOCK_CAPTURE_AUTORELEASING = YES;
				CLANG_WARN_BOOL_CONVERSION = YES;
				CLANG_WARN_COMMA = YES;
				CLANG_WARN_CONSTANT_CONVERSION = YES;
				CLANG_WARN_DEPRECATED_OBJC_IMPLEMENTATIONS = YES;
				CLANG_WARN_DIRECT_OBJC_ISA_USAGE = YES_ERROR;
				CLANG_WARN_DOCUMENTATION_COMMENTS = YES;
				CLANG_WARN_EMPTY_BODY = YES;
				CLANG_WARN_ENUM_CONVERSION = YES;
				CLANG_WARN_INFINITE_RECURSION = YES;
				CLANG_WARN_INT_CONVERSION = YES;
				CLANG_WARN_NON_LITERAL_NULL_CONVERSION = YES;
				CLANG_WARN_OBJC_IMPLICIT_RETAIN_SELF = YES;
				CLANG_WARN_OBJC_LITERAL_CONVERSION = YES;
				CLANG_WARN_OBJC_ROOT_CLASS = YES_ERROR;
				CLANG_WARN_QUOTED_INCLUDE_IN_FRAMEWORK_HEADER = YES;
				CLANG_WARN_RANGE_LOOP_ANALYSIS = YES;
				CLANG_WARN_STRICT_PROTOTYPES = YES;
				CLANG_WARN_SUSPICIOUS_MOVE = YES;
				CLANG_WARN_UNGUARDED_AVAILABILITY = YES_AGGRESSIVE;
				CLANG_WARN_UNREACHABLE_CODE = YES;
				CLANG_WARN__DUPLICATE_METHOD_MATCH = YES;
				COPY_PHASE_STRIP = NO;
				DEBUG_INFORMATION_FORMAT = dwarf;
				ENABLE_STRICT_OBJC_MSGSEND = YES;
				ENABLE_TESTABILITY = YES;
				GCC_C_LANGUAGE_STANDARD = gnu11;
				GCC_DYNAMIC_NO_PIC = NO;
				GCC_NO_COMMON_BLOCKS = YES;
				GCC_OPTIMIZATION_LEVEL = 0;
				GCC_PREPROCESSOR_DEFINITIONS = (
					"DEBUG=1",
					"$(inherited)",
				);
				GCC_WARN_64_TO_32_BIT_CONVERSION = YES;
				GCC_WARN_ABOUT_RETURN_TYPE = YES_ERROR;
				GCC_WARN_UNDECLARED_SELECTOR = YES;
				GCC_WARN_UNINITIALIZED_AUTOS = YES_AGGRESSIVE;
				GCC_WARN_UNUSED_FUNCTION = YES;
				GCC_WARN_UNUSED_VARIABLE = YES;
				MTL_ENABLE_DEBUG_INFO = INCLUDE_SOURCE;
				MTL_FAST_MATH = YES;
				ONLY_ACTIVE_ARCH = YES;
				SWIFT_ACTIVE_COMPILATION_CONDITIONS = DEBUG;
				SWIFT_OPTIMIZATION_LEVEL = "-Onone";
			};
			name = Debug;
		};
		365189F3298DDDE400AE18F8 /* Release */ = {
			isa = XCBuildConfiguration;
			buildSettings = {
				ALWAYS_SEARCH_USER_PATHS = NO;
				CLANG_ANALYZER_NONNULL = YES;
				CLANG_ANALYZER_NUMBER_OBJECT_CONVERSION = YES_AGGRESSIVE;
				CLANG_CXX_LANGUAGE_STANDARD = "gnu++20";
				CLANG_ENABLE_MODULES = YES;
				CLANG_ENABLE_OBJC_ARC = YES;
				CLANG_ENABLE_OBJC_WEAK = YES;
				CLANG_WARN_BLOCK_CAPTURE_AUTORELEASING = YES;
				CLANG_WARN_BOOL_CONVERSION = YES;
				CLANG_WARN_COMMA = YES;
				CLANG_WARN_CONSTANT_CONVERSION = YES;
				CLANG_WARN_DEPRECATED_OBJC_IMPLEMENTATIONS = YES;
				CLANG_WARN_DIRECT_OBJC_ISA_USAGE = YES_ERROR;
				CLANG_WARN_DOCUMENTATION_COMMENTS = YES;
				CLANG_WARN_EMPTY_BODY = YES;
				CLANG_WARN_ENUM_CONVERSION = YES;
				CLANG_WARN_INFINITE_RECURSION = YES;
				CLANG_WARN_INT_CONVERSION = YES;
				CLANG_WARN_NON_LITERAL_NULL_CONVERSION = YES;
				CLANG_WARN_OBJC_IMPLICIT_RETAIN_SELF = YES;
				CLANG_WARN_OBJC_LITERAL_CONVERSION = YES;
				CLANG_WARN_OBJC_ROOT_CLASS = YES_ERROR;
				CLANG_WARN_QUOTED_INCLUDE_IN_FRAMEWORK_HEADER = YES;
				CLANG_WARN_RANGE_LOOP_ANALYSIS = YES;
				CLANG_WARN_STRICT_PROTOTYPES = YES;
				CLANG_WARN_SUSPICIOUS_MOVE = YES;
				CLANG_WARN_UNGUARDED_AVAILABILITY = YES_AGGRESSIVE;
				CLANG_WARN_UNREACHABLE_CODE = YES;
				CLANG_WARN__DUPLICATE_METHOD_MATCH = YES;
				COPY_PHASE_STRIP = NO;
				DEBUG_INFORMATION_FORMAT = "dwarf-with-dsym";
				ENABLE_NS_ASSERTIONS = NO;
				ENABLE_STRICT_OBJC_MSGSEND = YES;
				GCC_C_LANGUAGE_STANDARD = gnu11;
				GCC_NO_COMMON_BLOCKS = YES;
				GCC_WARN_64_TO_32_BIT_CONVERSION = YES;
				GCC_WARN_ABOUT_RETURN_TYPE = YES_ERROR;
				GCC_WARN_UNDECLARED_SELECTOR = YES;
				GCC_WARN_UNINITIALIZED_AUTOS = YES_AGGRESSIVE;
				GCC_WARN_UNUSED_FUNCTION = YES;
				GCC_WARN_UNUSED_VARIABLE = YES;
				MTL_ENABLE_DEBUG_INFO = NO;
				MTL_FAST_MATH = YES;
				SWIFT_COMPILATION_MODE = wholemodule;
				SWIFT_OPTIMIZATION_LEVEL = "-O";
			};
			name = Release;
		};
		365189F5298DDDE400AE18F8 /* Debug */ = {
			isa = XCBuildConfiguration;
			buildSettings = {
				ASSETCATALOG_COMPILER_APPICON_NAME = AppIcon;
				ASSETCATALOG_COMPILER_GLOBAL_ACCENT_COLOR_NAME = AccentColor;
				CODE_SIGN_ENTITLEMENTS = "Hola Mundo/Hola_Mundo.entitlements";
				CODE_SIGN_STYLE = Automatic;
				CURRENT_PROJECT_VERSION = 1;
				DEVELOPMENT_ASSET_PATHS = "\"Hola Mundo/Preview Content\"";
				DEVELOPMENT_TEAM = RHF4F3M2MH;
				ENABLE_HARDENED_RUNTIME = YES;
				ENABLE_PREVIEWS = YES;
				GENERATE_INFOPLIST_FILE = YES;
				"INFOPLIST_KEY_UIApplicationSceneManifest_Generation[sdk=iphoneos*]" = YES;
				"INFOPLIST_KEY_UIApplicationSceneManifest_Generation[sdk=iphonesimulator*]" = YES;
				"INFOPLIST_KEY_UIApplicationSupportsIndirectInputEvents[sdk=iphoneos*]" = YES;
				"INFOPLIST_KEY_UIApplicationSupportsIndirectInputEvents[sdk=iphonesimulator*]" = YES;
				"INFOPLIST_KEY_UILaunchScreen_Generation[sdk=iphoneos*]" = YES;
				"INFOPLIST_KEY_UILaunchScreen_Generation[sdk=iphonesimulator*]" = YES;
				"INFOPLIST_KEY_UIStatusBarStyle[sdk=iphoneos*]" = UIStatusBarStyleDefault;
				"INFOPLIST_KEY_UIStatusBarStyle[sdk=iphonesimulator*]" = UIStatusBarStyleDefault;
				INFOPLIST_KEY_UISupportedInterfaceOrientations_iPad = "UIInterfaceOrientationPortrait UIInterfaceOrientationPortraitUpsideDown UIInterfaceOrientationLandscapeLeft UIInterfaceOrientationLandscapeRight";
				INFOPLIST_KEY_UISupportedInterfaceOrientations_iPhone = "UIInterfaceOrientationPortrait UIInterfaceOrientationLandscapeLeft UIInterfaceOrientationLandscapeRight";
				IPHONEOS_DEPLOYMENT_TARGET = 16.2;
				LD_RUNPATH_SEARCH_PATHS = "@executable_path/Frameworks";
				"LD_RUNPATH_SEARCH_PATHS[sdk=macosx*]" = "@executable_path/../Frameworks";
				MACOSX_DEPLOYMENT_TARGET = 12.6;
				MARKETING_VERSION = 1.0;
				PRODUCT_BUNDLE_IDENTIFIER = "carlosmaresdev.Hola-Mundo";
				PRODUCT_NAME = "$(TARGET_NAME)";
				SDKROOT = auto;
				SUPPORTED_PLATFORMS = "iphoneos iphonesimulator macosx";
				SWIFT_EMIT_LOC_STRINGS = YES;
				SWIFT_VERSION = 5.0;
				TARGETED_DEVICE_FAMILY = "1,2";
			};
			name = Debug;
		};
		365189F6298DDDE400AE18F8 /* Release */ = {
			isa = XCBuildConfiguration;
			buildSettings = {
				ASSETCATALOG_COMPILER_APPICON_NAME = AppIcon;
				ASSETCATALOG_COMPILER_GLOBAL_ACCENT_COLOR_NAME = AccentColor;
				CODE_SIGN_ENTITLEMENTS = "Hola Mundo/Hola_Mundo.entitlements";
				CODE_SIGN_STYLE = Automatic;
				CURRENT_PROJECT_VERSION = 1;
				DEVELOPMENT_ASSET_PATHS = "\"Hola Mundo/Preview Content\"";
				DEVELOPMENT_TEAM = RHF4F3M2MH;
				ENABLE_HARDENED_RUNTIME = YES;
				ENABLE_PREVIEWS = YES;
				GENERATE_INFOPLIST_FILE = YES;
				"INFOPLIST_KEY_UIApplicationSceneManifest_Generation[sdk=iphoneos*]" = YES;
				"INFOPLIST_KEY_UIApplicationSceneManifest_Generation[sdk=iphonesimulator*]" = YES;
				"INFOPLIST_KEY_UIApplicationSupportsIndirectInputEvents[sdk=iphoneos*]" = YES;
				"INFOPLIST_KEY_UIApplicationSupportsIndirectInputEvents[sdk=iphonesimulator*]" = YES;
				"INFOPLIST_KEY_UILaunchScreen_Generation[sdk=iphoneos*]" = YES;
				"INFOPLIST_KEY_UILaunchScreen_Generation[sdk=iphonesimulator*]" = YES;
				"INFOPLIST_KEY_UIStatusBarStyle[sdk=iphoneos*]" = UIStatusBarStyleDefault;
				"INFOPLIST_KEY_UIStatusBarStyle[sdk=iphonesimulator*]" = UIStatusBarStyleDefault;
				INFOPLIST_KEY_UISupportedInterfaceOrientations_iPad = "UIInterfaceOrientationPortrait UIInterfaceOrientationPortraitUpsideDown UIInterfaceOrientationLandscapeLeft UIInterfaceOrientationLandscapeRight";
				INFOPLIST_KEY_UISupportedInterfaceOrientations_iPhone = "UIInterfaceOrientationPortrait UIInterfaceOrientationLandscapeLeft UIInterfaceOrientationLandscapeRight";
				IPHONEOS_DEPLOYMENT_TARGET = 16.2;
				LD_RUNPATH_SEARCH_PATHS = "@executable_path/Frameworks";
				"LD_RUNPATH_SEARCH_PATHS[sdk=macosx*]" = "@executable_path/../Frameworks";
				MACOSX_DEPLOYMENT_TARGET = 12.6;
				MARKETING_VERSION = 1.0;
				PRODUCT_BUNDLE_IDENTIFIER = "carlosmaresdev.Hola-Mundo";
				PRODUCT_NAME = "$(TARGET_NAME)";
				SDKROOT = auto;
				SUPPORTED_PLATFORMS = "iphoneos iphonesimulator macosx";
				SWIFT_EMIT_LOC_STRINGS = YES;
				SWIFT_VERSION = 5.0;
				TARGETED_DEVICE_FAMILY = "1,2";
			};
			name = Release;
		};
		365189F8298DDDE400AE18F8 /* Debug */ = {
			isa = XCBuildConfiguration;
			buildSettings = {
				ALWAYS_EMBED_SWIFT_STANDARD_LIBRARIES = YES;
				BUNDLE_LOADER = "$(TEST_HOST)";
				CODE_SIGN_STYLE = Automatic;
				CURRENT_PROJECT_VERSION = 1;
				DEVELOPMENT_TEAM = RHF4F3M2MH;
				GENERATE_INFOPLIST_FILE = YES;
				IPHONEOS_DEPLOYMENT_TARGET = 16.2;
				MACOSX_DEPLOYMENT_TARGET = 12.6;
				MARKETING_VERSION = 1.0;
				PRODUCT_BUNDLE_IDENTIFIER = "carlosmaresdev.Hola-MundoTests";
				PRODUCT_NAME = "$(TARGET_NAME)";
				SDKROOT = auto;
				SUPPORTED_PLATFORMS = "iphoneos iphonesimulator macosx";
				SWIFT_EMIT_LOC_STRINGS = NO;
				SWIFT_VERSION = 5.0;
				TARGETED_DEVICE_FAMILY = "1,2";
				TEST_HOST = "$(BUILT_PRODUCTS_DIR)/Hola Mundo.app/$(BUNDLE_EXECUTABLE_FOLDER_PATH)/Hola Mundo";
			};
			name = Debug;
		};
		365189F9298DDDE400AE18F8 /* Release */ = {
			isa = XCBuildConfiguration;
			buildSettings = {
				ALWAYS_EMBED_SWIFT_STANDARD_LIBRARIES = YES;
				BUNDLE_LOADER = "$(TEST_HOST)";
				CODE_SIGN_STYLE = Automatic;
				CURRENT_PROJECT_VERSION = 1;
				DEVELOPMENT_TEAM = RHF4F3M2MH;
				GENERATE_INFOPLIST_FILE = YES;
				IPHONEOS_DEPLOYMENT_TARGET = 16.2;
				MACOSX_DEPLOYMENT_TARGET = 12.6;
				MARKETING_VERSION = 1.0;
				PRODUCT_BUNDLE_IDENTIFIER = "carlosmaresdev.Hola-MundoTests";
				PRODUCT_NAME = "$(TARGET_NAME)";
				SDKROOT = auto;
				SUPPORTED_PLATFORMS = "iphoneos iphonesimulator macosx";
				SWIFT_EMIT_LOC_STRINGS = NO;
				SWIFT_VERSION = 5.0;
				TARGETED_DEVICE_FAMILY = "1,2";
				TEST_HOST = "$(BUILT_PRODUCTS_DIR)/Hola Mundo.app/$(BUNDLE_EXECUTABLE_FOLDER_PATH)/Hola Mundo";
			};
			name = Release;
		};
		365189FB298DDDE400AE18F8 /* Debug */ = {
			isa = XCBuildConfiguration;
			buildSettings = {
				ALWAYS_EMBED_SWIFT_STANDARD_LIBRARIES = YES;
				CODE_SIGN_STYLE = Automatic;
				CURRENT_PROJECT_VERSION = 1;
				DEVELOPMENT_TEAM = RHF4F3M2MH;
				GENERATE_INFOPLIST_FILE = YES;
				IPHONEOS_DEPLOYMENT_TARGET = 16.2;
				MACOSX_DEPLOYMENT_TARGET = 12.6;
				MARKETING_VERSION = 1.0;
				PRODUCT_BUNDLE_IDENTIFIER = "carlosmaresdev.Hola-MundoUITests";
				PRODUCT_NAME = "$(TARGET_NAME)";
				SDKROOT = auto;
				SUPPORTED_PLATFORMS = "iphoneos iphonesimulator macosx";
				SWIFT_EMIT_LOC_STRINGS = NO;
				SWIFT_VERSION = 5.0;
				TARGETED_DEVICE_FAMILY = "1,2";
				TEST_TARGET_NAME = "Hola Mundo";
			};
			name = Debug;
		};
		365189FC298DDDE400AE18F8 /* Release */ = {
			isa = XCBuildConfiguration;
			buildSettings = {
				ALWAYS_EMBED_SWIFT_STANDARD_LIBRARIES = YES;
				CODE_SIGN_STYLE = Automatic;
				CURRENT_PROJECT_VERSION = 1;
				DEVELOPMENT_TEAM = RHF4F3M2MH;
				GENERATE_INFOPLIST_FILE = YES;
				IPHONEOS_DEPLOYMENT_TARGET = 16.2;
				MACOSX_DEPLOYMENT_TARGET = 12.6;
				MARKETING_VERSION = 1.0;
				PRODUCT_BUNDLE_IDENTIFIER = "carlosmaresdev.Hola-MundoUITests";
				PRODUCT_NAME = "$(TARGET_NAME)";
				SDKROOT = auto;
				SUPPORTED_PLATFORMS = "iphoneos iphonesimulator macosx";
				SWIFT_EMIT_LOC_STRINGS = NO;
				SWIFT_VERSION = 5.0;
				TARGETED_DEVICE_FAMILY = "1,2";
				TEST_TARGET_NAME = "Hola Mundo";
			};
			name = Release;
		};
/* End XCBuildConfiguration section */

/* Begin XCConfigurationList section */
		365189CA298DDDDF00AE18F8 /* Build configuration list for PBXProject "Hola Mundo" */ = {
			isa = XCConfigurationList;
			buildConfigurations = (
				365189F2298DDDE400AE18F8 /* Debug */,
				365189F3298DDDE400AE18F8 /* Release */,
			);
			defaultConfigurationIsVisible = 0;
			defaultConfigurationName = Release;
		};
		365189F4298DDDE400AE18F8 /* Build configuration list for PBXNativeTarget "Hola Mundo" */ = {
			isa = XCConfigurationList;
			buildConfigurations = (
				365189F5298DDDE400AE18F8 /* Debug */,
				365189F6298DDDE400AE18F8 /* Release */,
			);
			defaultConfigurationIsVisible = 0;
			defaultConfigurationName = Release;
		};
		365189F7298DDDE400AE18F8 /* Build configuration list for PBXNativeTarget "Hola MundoTests" */ = {
			isa = XCConfigurationList;
			buildConfigurations = (
				365189F8298DDDE400AE18F8 /* Debug */,
				365189F9298DDDE400AE18F8 /* Release */,
			);
			defaultConfigurationIsVisible = 0;
			defaultConfigurationName = Release;
		};
		365189FA298DDDE400AE18F8 /* Build configuration list for PBXNativeTarget "Hola MundoUITests" */ = {
			isa = XCConfigurationList;
			buildConfigurations = (
				365189FB298DDDE400AE18F8 /* Debug */,
				365189FC298DDDE400AE18F8 /* Release */,
			);
			defaultConfigurationIsVisible = 0;
			defaultConfigurationName = Release;
		};
/* End XCConfigurationList section */
	};
	rootObject = 365189C7298DDDDF00AE18F8 /* Project object */;
}
